
Microsoft Visual Studio Solution File, Format Version 12.00
# Visual Studio Version 17
VisualStudioVersion = 17.5.33414.496
MinimumVisualStudioVersion = 10.0.40219.1
Project("{FAE04EC0-301F-11D3-BF4B-00C04F79EFBC}") = "EJERCICIO ARREGLOS 2", "EJERCICIO ARREGLOS 2.csproj", "{685E2142-6DCF-4A3D-97D9-BF8165F29673}"
EndProject
Global
	GlobalSection(SolutionConfigurationPlatforms) = preSolution
		Debug|Any CPU = Debug|Any CPU
		Release|Any CPU = Release|Any CPU
	EndGlobalSection
	GlobalSection(ProjectConfigurationPlatforms) = postSolution
		{685E2142-6DCF-4A3D-97D9-BF8165F29673}.Debug|Any CPU.ActiveCfg = Debug|Any CPU
		{685E2142-6DCF-4A3D-97D9-BF8165F29673}.Debug|Any CPU.Build.0 = Debug|Any CPU
		{685E2142-6DCF-4A3D-97D9-BF8165F29673}.Release|Any CPU.ActiveCfg = Release|Any CPU
		{685E2142-6DCF-4A3D-97D9-BF8165F29673}.Release|Any CPU.Build.0 = Release|Any CPU
	EndGlobalSection
	GlobalSection(SolutionProperties) = preSolution
		HideSolutionNode = FALSE
	EndGlobalSection
	GlobalSection(ExtensibilityGlobals) = postSolution
		SolutionGuid = {D5B54F6D-0BA4-4F05-87BA-F3CB4DB320D8}
	EndGlobalSection
EndGlobal
